// !$*UTF8*$!
{
	archiveVersion = 1;
	classes = {
	};
	objectVersion = 55;
	objects = {

/* Begin PBXBuildFile section */
		750C2D5C2848DAD300E0C798 /* AppDelegate.swift in Sources */ = {isa = PBXBuildFile; fileRef = 750C2D5B2848DAD300E0C798 /* AppDelegate.swift */; };
		750C2D5E2848DAD300E0C798 /* SceneDelegate.swift in Sources */ = {isa = PBXBuildFile; fileRef = 750C2D5D2848DAD300E0C798 /* SceneDelegate.swift */; };
		750C2D602848DAD300E0C798 /* ViewController.swift in Sources */ = {isa = PBXBuildFile; fileRef = 750C2D5F2848DAD300E0C798 /* ViewController.swift */; };
		750C2D632848DAD300E0C798 /* Main.storyboard in Resources */ = {isa = PBXBuildFile; fileRef = 750C2D612848DAD300E0C798 /* Main.storyboard */; };
		750C2D652848DAD500E0C798 /* Assets.xcassets in Resources */ = {isa = PBXBuildFile; fileRef = 750C2D642848DAD500E0C798 /* Assets.xcassets */; };
		750C2D682848DAD500E0C798 /* LaunchScreen.storyboard in Resources */ = {isa = PBXBuildFile; fileRef = 750C2D662848DAD500E0C798 /* LaunchScreen.storyboard */; };
		750C2D702848E3C800E0C798 /* DataManager.swift in Sources */ = {isa = PBXBuildFile; fileRef = 750C2D6F2848E3C800E0C798 /* DataManager.swift */; };
		79AC66CC2232C7C24FAAE1BC /* Pods_SpringAnimateHW.framework in Frameworks */ = {isa = PBXBuildFile; fileRef = C628BB76C5E9533D80CA504D /* Pods_SpringAnimateHW.framework */; };
/* End PBXBuildFile section */

/* Begin PBXFileReference section */
		750C2D582848DAD300E0C798 /* SpringAnimateHW.app */ = {isa = PBXFileReference; explicitFileType = wrapper.application; includeInIndex = 0; path = SpringAnimateHW.app; sourceTree = BUILT_PRODUCTS_DIR; };
		750C2D5B2848DAD300E0C798 /* AppDelegate.swift */ = {isa = PBXFileReference; lastKnownFileType = sourcecode.swift; path = AppDelegate.swift; sourceTree = "<group>"; };
		750C2D5D2848DAD300E0C798 /* SceneDelegate.swift */ = {isa = PBXFileReference; lastKnownFileType = sourcecode.swift; path = SceneDelegate.swift; sourceTree = "<group>"; };
		750C2D5F2848DAD300E0C798 /* ViewController.swift */ = {isa = PBXFileReference; lastKnownFileType = sourcecode.swift; path = ViewController.swift; sourceTree = "<group>"; };
		750C2D622848DAD300E0C798 /* Base */ = {isa = PBXFileReference; lastKnownFileType = file.storyboard; name = Base; path = Base.lproj/Main.storyboard; sourceTree = "<group>"; };
		750C2D642848DAD500E0C798 /* Assets.xcassets */ = {isa = PBXFileReference; lastKnownFileType = folder.assetcatalog; path = Assets.xcassets; sourceTree = "<group>"; };
		750C2D672848DAD500E0C798 /* Base */ = {isa = PBXFileReference; lastKnownFileType = file.storyboard; name = Base; path = Base.lproj/LaunchScreen.storyboard; sourceTree = "<group>"; };
		750C2D692848DAD500E0C798 /* Info.plist */ = {isa = PBXFileReference; lastKnownFileType = text.plist.xml; path = Info.plist; sourceTree = "<group>"; };
		750C2D6F2848E3C800E0C798 /* DataManager.swift */ = {isa = PBXFileReference; lastKnownFileType = sourcecode.swift; path = DataManager.swift; sourceTree = "<group>"; };
		776EBACDBD357789C056A45C /* Pods-SpringAnimateHW.debug.xcconfig */ = {isa = PBXFileReference; includeInIndex = 1; lastKnownFileType = text.xcconfig; name = "Pods-SpringAnimateHW.debug.xcconfig"; path = "Target Support Files/Pods-SpringAnimateHW/Pods-SpringAnimateHW.debug.xcconfig"; sourceTree = "<group>"; };
		C628BB76C5E9533D80CA504D /* Pods_SpringAnimateHW.framework */ = {isa = PBXFileReference; explicitFileType = wrapper.framework; includeInIndex = 0; path = Pods_SpringAnimateHW.framework; sourceTree = BUILT_PRODUCTS_DIR; };
		FF8C74BE1A1ACD8B4D3270F6 /* Pods-SpringAnimateHW.release.xcconfig */ = {isa = PBXFileReference; includeInIndex = 1; lastKnownFileType = text.xcconfig; name = "Pods-SpringAnimateHW.release.xcconfig"; path = "Target Support Files/Pods-SpringAnimateHW/Pods-SpringAnimateHW.release.xcconfig"; sourceTree = "<group>"; };
/* End PBXFileReference section */

/* Begin PBXFrameworksBuildPhase section */
		750C2D552848DAD300E0C798 /* Frameworks */ = {
			isa = PBXFrameworksBuildPhase;
			buildActionMask = 2147483647;
			files = (
				79AC66CC2232C7C24FAAE1BC /* Pods_SpringAnimateHW.framework in Frameworks */,
			);
			runOnlyForDeploymentPostprocessing = 0;
		};
/* End PBXFrameworksBuildPhase section */

/* Begin PBXGroup section */
		750C2D4F2848DAD300E0C798 = {
			isa = PBXGroup;
			children = (
				750C2D5A2848DAD300E0C798 /* SpringAnimateHW */,
				750C2D592848DAD300E0C798 /* Products */,
				A2B19FD043E4748B73BF963E /* Pods */,
				92C66E2C8E72C69A2FF2D1E3 /* Frameworks */,
			);
			sourceTree = "<group>";
		};
		750C2D592848DAD300E0C798 /* Products */ = {
			isa = PBXGroup;
			children = (
				750C2D582848DAD300E0C798 /* SpringAnimateHW.app */,
			);
			name = Products;
			sourceTree = "<group>";
		};
		750C2D5A2848DAD300E0C798 /* SpringAnimateHW */ = {
			isa = PBXGroup;
			children = (
				750C2D5B2848DAD300E0C798 /* AppDelegate.swift */,
				750C2D5D2848DAD300E0C798 /* SceneDelegate.swift */,
				750C2D5F2848DAD300E0C798 /* ViewController.swift */,
				750C2D6F2848E3C800E0C798 /* DataManager.swift */,
				750C2D612848DAD300E0C798 /* Main.storyboard */,
				750C2D642848DAD500E0C798 /* Assets.xcassets */,
				750C2D662848DAD500E0C798 /* LaunchScreen.storyboard */,
				750C2D692848DAD500E0C798 /* Info.plist */,
			);
			path = SpringAnimateHW;
			sourceTree = "<group>";
		};
		92C66E2C8E72C69A2FF2D1E3 /* Frameworks */ = {
			isa = PBXGroup;
			children = (
				C628BB76C5E9533D80CA504D /* Pods_SpringAnimateHW.framework */,
			);
			name = Frameworks;
			sourceTree = "<group>";
		};
		A2B19FD043E4748B73BF963E /* Pods */ = {
			isa = PBXGroup;
			children = (
				776EBACDBD357789C056A45C /* Pods-SpringAnimateHW.debug.xcconfig */,
				FF8C74BE1A1ACD8B4D3270F6 /* Pods-SpringAnimateHW.release.xcconfig */,
			);
			path = Pods;
			sourceTree = "<group>";
		};
/* End PBXGroup section */

/* Begin PBXNativeTarget section */
		750C2D572848DAD300E0C798 /* SpringAnimateHW */ = {
			isa = PBXNativeTarget;
			buildConfigurationList = 750C2D6C2848DAD500E0C798 /* Build configuration list for PBXNativeTarget "SpringAnimateHW" */;
			buildPhases = (
				18E6C76E2B560D6822F5F6B8 /* [CP] Check Pods Manifest.lock */,
				750C2D542848DAD300E0C798 /* Sources */,
				750C2D552848DAD300E0C798 /* Frameworks */,
				750C2D562848DAD300E0C798 /* Resources */,
				D6B03EF8C58750C842E85592 /* [CP] Embed Pods Frameworks */,
			);
			buildRules = (
			);
			dependencies = (
			);
			name = SpringAnimateHW;
			productName = SpringAnimateHW;
			productReference = 750C2D582848DAD300E0C798 /* SpringAnimateHW.app */;
			productType = "com.apple.product-type.application";
		};
/* End PBXNativeTarget section */

/* Begin PBXProject section */
		750C2D502848DAD300E0C798 /* Project object */ = {
			isa = PBXProject;
			attributes = {
				BuildIndependentTargetsInParallel = 1;
				LastSwiftUpdateCheck = 1340;
				LastUpgradeCheck = 1340;
				TargetAttributes = {
					750C2D572848DAD300E0C798 = {
						CreatedOnToolsVersion = 13.4;
					};
				};
			};
			buildConfigurationList = 750C2D532848DAD300E0C798 /* Build configuration list for PBXProject "SpringAnimateHW" */;
			compatibilityVersion = "Xcode 13.0";
			developmentRegion = en;
			hasScannedForEncodings = 0;
			knownRegions = (
				en,
				Base,
			);
			mainGroup = 750C2D4F2848DAD300E0C798;
			productRefGroup = 750C2D592848DAD300E0C798 /* Products */;
			projectDirPath = "";
			projectRoot = "";
			targets = (
				750C2D572848DAD300E0C798 /* SpringAnimateHW */,
			);
		};
/* End PBXProject section */

/* Begin PBXResourcesBuildPhase section */
		750C2D562848DAD300E0C798 /* Resources */ = {
			isa = PBXResourcesBuildPhase;
			buildActionMask = 2147483647;
			files = (
				750C2D682848DAD500E0C798 /* LaunchScreen.storyboard in Resources */,
				750C2D652848DAD500E0C798 /* Assets.xcassets in Resources */,
				750C2D632848DAD300E0C798 /* Main.storyboard in Resources */,
			);
			runOnlyForDeploymentPostprocessing = 0;
		};
/* End PBXResourcesBuildPhase section */

/* Begin PBXShellScriptBuildPhase section */
		18E6C76E2B560D6822F5F6B8 /* [CP] Check Pods Manifest.lock */ = {
			isa = PBXShellScriptBuildPhase;
			buildActionMask = 2147483647;
			files = (
			);
			inputFileListPaths = (
			);
			inputPaths = (
				"${PODS_PODFILE_DIR_PATH}/Podfile.lock",
				"${PODS_ROOT}/Manifest.lock",
			);
			name = "[CP] Check Pods Manifest.lock";
			outputFileListPaths = (
			);
			outputPaths = (
				"$(DERIVED_FILE_DIR)/Pods-SpringAnimateHW-checkManifestLockResult.txt",
			);
			runOnlyForDeploymentPostprocessing = 0;
			shellPath = /bin/sh;
			shellScript = "diff \"${PODS_PODFILE_DIR_PATH}/Podfile.lock\" \"${PODS_ROOT}/Manifest.lock\" > /dev/null\nif [ $? != 0 ] ; then\n    # print error to STDERR\n    echo \"error: The sandbox is not in sync with the Podfile.lock. Run 'pod install' or update your CocoaPods installation.\" >&2\n    exit 1\nfi\n# This output is used by Xcode 'outputs' to avoid re-running this script phase.\necho \"SUCCESS\" > \"${SCRIPT_OUTPUT_FILE_0}\"\n";
			showEnvVarsInLog = 0;
		};
		D6B03EF8C58750C842E85592 /* [CP] Embed Pods Frameworks */ = {
			isa = PBXShellScriptBuildPhase;
			buildActionMask = 2147483647;
			files = (
			);
			inputFileListPaths = (
				"${PODS_ROOT}/Target Support Files/Pods-SpringAnimateHW/Pods-SpringAnimateHW-frameworks-${CONFIGURATION}-input-files.xcfilelist",
			);
			name = "[CP] Embed Pods Frameworks";
			outputFileListPaths = (
				"${PODS_ROOT}/Target Support Files/Pods-SpringAnimateHW/Pods-SpringAnimateHW-frameworks-${CONFIGURATION}-output-files.xcfilelist",
			);
			runOnlyForDeploymentPostprocessing = 0;
			shellPath = /bin/sh;
			shellScript = "\"${PODS_ROOT}/Target Support Files/Pods-SpringAnimateHW/Pods-SpringAnimateHW-frameworks.sh\"\n";
			showEnvVarsInLog = 0;
		};
/* End PBXShellScriptBuildPhase section */

/* Begin PBXSourcesBuildPhase section */
		750C2D542848DAD300E0C798 /* Sources */ = {
			isa = PBXSourcesBuildPhase;
			buildActionMask = 2147483647;
			files = (
				750C2D602848DAD300E0C798 /* ViewController.swift in Sources */,
				750C2D702848E3C800E0C798 /* DataManager.swift in Sources */,
				750C2D5C2848DAD300E0C798 /* AppDelegate.swift in Sources */,
				750C2D5E2848DAD300E0C798 /* SceneDelegate.swift in Sources */,
			);
			runOnlyForDeploymentPostprocessing = 0;
		};
/* End PBXSourcesBuildPhase section */

/* Begin PBXVariantGroup section */
		750C2D612848DAD300E0C798 /* Main.storyboard */ = {
			isa = PBXVariantGroup;
			children = (
				750C2D622848DAD300E0C798 /* Base */,
			);
			name = Main.storyboard;
			sourceTree = "<group>";
		};
		750C2D662848DAD500E0C798 /* LaunchScreen.storyboard */ = {
			isa = PBXVariantGroup;
			children = (
				750C2D672848DAD500E0C798 /* Base */,
			);
			name = LaunchScreen.storyboard;
			sourceTree = "<group>";
		};
/* End PBXVariantGroup section */

/* Begin XCBuildConfiguration section */
		750C2D6A2848DAD500E0C798 /* Debug */ = {
			isa = XCBuildConfiguration;
			buildSettings = {
				ALWAYS_SEARCH_USER_PATHS = NO;
				CLANG_ANALYZER_NONNULL = YES;
				CLANG_ANALYZER_NUMBER_OBJECT_CONVERSION = YES_AGGRESSIVE;
				CLANG_CXX_LANGUAGE_STANDARD = "gnu++17";
				CLANG_ENABLE_MODULES = YES;
				CLANG_ENABLE_OBJC_ARC = YES;
				CLANG_ENABLE_OBJC_WEAK = YES;
				CLANG_WARN_BLOCK_CAPTURE_AUTORELEASING = YES;
				CLANG_WARN_BOOL_CONVERSION = YES;
				CLANG_WARN_COMMA = YES;
				CLANG_WARN_CONSTANT_CONVERSION = YES;
				CLANG_WARN_DEPRECATED_OBJC_IMPLEMENTATIONS = YES;
				CLANG_WARN_DIRECT_OBJC_ISA_USAGE = YES_ERROR;
				CLANG_WARN_DOCUMENTATION_COMMENTS = YES;
				CLANG_WARN_EMPTY_BODY = YES;
				CLANG_WARN_ENUM_CONVERSION = YES;
				CLANG_WARN_INFINITE_RECURSION = YES;
				CLANG_WARN_INT_CONVERSION = YES;
				CLANG_WARN_NON_LITERAL_NULL_CONVERSION = YES;
				CLANG_WARN_OBJC_IMPLICIT_RETAIN_SELF = YES;
				CLANG_WARN_OBJC_LITERAL_CONVERSION = YES;
				CLANG_WARN_OBJC_ROOT_CLASS = YES_ERROR;
				CLANG_WARN_QUOTED_INCLUDE_IN_FRAMEWORK_HEADER = YES;
				CLANG_WARN_RANGE_LOOP_ANALYSIS = YES;
				CLANG_WARN_STRICT_PROTOTYPES = YES;
				CLANG_WARN_SUSPICIOUS_MOVE = YES;
				CLANG_WARN_UNGUARDED_AVAILABILITY = YES_AGGRESSIVE;
				CLANG_WARN_UNREACHABLE_CODE = YES;
				CLANG_WARN__DUPLICATE_METHOD_MATCH = YES;
				COPY_PHASE_STRIP = NO;
				DEBUG_INFORMATION_FORMAT = dwarf;
				ENABLE_STRICT_OBJC_MSGSEND = YES;
				ENABLE_TESTABILITY = YES;
				GCC_C_LANGUAGE_STANDARD = gnu11;
				GCC_DYNAMIC_NO_PIC = NO;
				GCC_NO_COMMON_BLOCKS = YES;
				GCC_OPTIMIZATION_LEVEL = 0;
				GCC_PREPROCESSOR_DEFINITIONS = (
					"DEBUG=1",
					"$(inherited)",
				);
				GCC_WARN_64_TO_32_BIT_CONVERSION = YES;
				GCC_WARN_ABOUT_RETURN_TYPE = YES_ERROR;
				GCC_WARN_UNDECLARED_SELECTOR = YES;
				GCC_WARN_UNINITIALIZED_AUTOS = YES_AGGRESSIVE;
				GCC_WARN_UNUSED_FUNCTION = YES;
				GCC_WARN_UNUSED_VARIABLE = YES;
				IPHONEOS_DEPLOYMENT_TARGET = 15.5;
				MTL_ENABLE_DEBUG_INFO = INCLUDE_SOURCE;
				MTL_FAST_MATH = YES;
				ONLY_ACTIVE_ARCH = YES;
				SDKROOT = iphoneos;
				SWIFT_ACTIVE_COMPILATION_CONDITIONS = DEBUG;
				SWIFT_OPTIMIZATION_LEVEL = "-Onone";
			};
			name = Debug;
		};
		750C2D6B2848DAD500E0C798 /* Release */ = {
			isa = XCBuildConfiguration;
			buildSettings = {
				ALWAYS_SEARCH_USER_PATHS = NO;
				CLANG_ANALYZER_NONNULL = YES;
				CLANG_ANALYZER_NUMBER_OBJECT_CONVERSION = YES_AGGRESSIVE;
				CLANG_CXX_LANGUAGE_STANDARD = "gnu++17";
				CLANG_ENABLE_MODULES = YES;
				CLANG_ENABLE_OBJC_ARC = YES;
				CLANG_ENABLE_OBJC_WEAK = YES;
				CLANG_WARN_BLOCK_CAPTURE_AUTORELEASING = YES;
				CLANG_WARN_BOOL_CONVERSION = YES;
				CLANG_WARN_COMMA = YES;
				CLANG_WARN_CONSTANT_CONVERSION = YES;
				CLANG_WARN_DEPRECATED_OBJC_IMPLEMENTATIONS = YES;
				CLANG_WARN_DIRECT_OBJC_ISA_USAGE = YES_ERROR;
				CLANG_WARN_DOCUMENTATION_COMMENTS = YES;
				CLANG_WARN_EMPTY_BODY = YES;
				CLANG_WARN_ENUM_CONVERSION = YES;
				CLANG_WARN_INFINITE_RECURSION = YES;
				CLANG_WARN_INT_CONVERSION = YES;
				CLANG_WARN_NON_LITERAL_NULL_CONVERSION = YES;
				CLANG_WARN_OBJC_IMPLICIT_RETAIN_SELF = YES;
				CLANG_WARN_OBJC_LITERAL_CONVERSION = YES;
				CLANG_WARN_OBJC_ROOT_CLASS = YES_ERROR;
				CLANG_WARN_QUOTED_INCLUDE_IN_FRAMEWORK_HEADER = YES;
				CLANG_WARN_RANGE_LOOP_ANALYSIS = YES;
				CLANG_WARN_STRICT_PROTOTYPES = YES;
				CLANG_WARN_SUSPICIOUS_MOVE = YES;
				CLANG_WARN_UNGUARDED_AVAILABILITY = YES_AGGRESSIVE;
				CLANG_WARN_UNREACHABLE_CODE = YES;
				CLANG_WARN__DUPLICATE_METHOD_MATCH = YES;
				COPY_PHASE_STRIP = NO;
				DEBUG_INFORMATION_FORMAT = "dwarf-with-dsym";
				ENABLE_NS_ASSERTIONS = NO;
				ENABLE_STRICT_OBJC_MSGSEND = YES;
				GCC_C_LANGUAGE_STANDARD = gnu11;
				GCC_NO_COMMON_BLOCKS = YES;
				GCC_WARN_64_TO_32_BIT_CONVERSION = YES;
				GCC_WARN_ABOUT_RETURN_TYPE = YES_ERROR;
				GCC_WARN_UNDECLARED_SELECTOR = YES;
				GCC_WARN_UNINITIALIZED_AUTOS = YES_AGGRESSIVE;
				GCC_WARN_UNUSED_FUNCTION = YES;
				GCC_WARN_UNUSED_VARIABLE = YES;
				IPHONEOS_DEPLOYMENT_TARGET = 15.5;
				MTL_ENABLE_DEBUG_INFO = NO;
				MTL_FAST_MATH = YES;
				SDKROOT = iphoneos;
				SWIFT_COMPILATION_MODE = wholemodule;
				SWIFT_OPTIMIZATION_LEVEL = "-O";
				VALIDATE_PRODUCT = YES;
			};
			name = Release;
		};
		750C2D6D2848DAD500E0C798 /* Debug */ = {
			isa = XCBuildConfiguration;
			baseConfigurationReference = 776EBACDBD357789C056A45C /* Pods-SpringAnimateHW.debug.xcconfig */;
			buildSettings = {
				ASSETCATALOG_COMPILER_APPICON_NAME = AppIcon;
				ASSETCATALOG_COMPILER_GLOBAL_ACCENT_COLOR_NAME = AccentColor;
				CODE_SIGN_STYLE = Automatic;
				CURRENT_PROJECT_VERSION = 1;
				DEVELOPMENT_TEAM = 2N67ZPLU84;
				GENERATE_INFOPLIST_FILE = YES;
				INFOPLIST_FILE = SpringAnimateHW/Info.plist;
				INFOPLIST_KEY_UIApplicationSupportsIndirectInputEvents = YES;
				INFOPLIST_KEY_UILaunchStoryboardName = LaunchScreen;
				INFOPLIST_KEY_UIMainStoryboardFile = Main;
				INFOPLIST_KEY_UISupportedInterfaceOrientations_iPad = "UIInterfaceOrientationPortrait UIInterfaceOrientationPortraitUpsideDown UIInterfaceOrientationLandscapeLeft UIInterfaceOrientationLandscapeRight";
				INFOPLIST_KEY_UISupportedInterfaceOrientations_iPhone = "UIInterfaceOrientationPortrait UIInterfaceOrientationLandscapeLeft UIInterfaceOrientationLandscapeRight";
				LD_RUNPATH_SEARCH_PATHS = (
					"$(inherited)",
					"@executable_path/Frameworks",
				);
				MARKETING_VERSION = 1.0;
				PRODUCT_BUNDLE_IDENTIFIER = Artur.SpringAnimateHW;
				PRODUCT_NAME = "$(TARGET_NAME)";
				SWIFT_EMIT_LOC_STRINGS = YES;
				SWIFT_VERSION = 5.0;
				TARGETED_DEVICE_FAMILY = "1,2";
			};
			name = Debug;
		};
		750C2D6E2848DAD500E0C798 /* Release */ = {
			isa = XCBuildConfiguration;
			baseConfigurationReference = FF8C74BE1A1ACD8B4D3270F6 /* Pods-SpringAnimateHW.release.xcconfig */;
			buildSettings = {
				ASSETCATALOG_COMPILER_APPICON_NAME = AppIcon;
				ASSETCATALOG_COMPILER_GLOBAL_ACCENT_COLOR_NAME = AccentColor;
				CODE_SIGN_STYLE = Automatic;
				CURRENT_PROJECT_VERSION = 1;
				DEVELOPMENT_TEAM = 2N67ZPLU84;
				GENERATE_INFOPLIST_FILE = YES;
				INFOPLIST_FILE = SpringAnimateHW/Info.plist;
				INFOPLIST_KEY_UIApplicationSupportsIndirectInputEvents = YES;
				INFOPLIST_KEY_UILaunchStoryboardName = LaunchScreen;
				INFOPLIST_KEY_UIMainStoryboardFile = Main;
				INFOPLIST_KEY_UISupportedInterfaceOrientations_iPad = "UIInterfaceOrientationPortrait UIInterfaceOrientationPortraitUpsideDown UIInterfaceOrientationLandscapeLeft UIInterfaceOrientationLandscapeRight";
				INFOPLIST_KEY_UISupportedInterfaceOrientations_iPhone = "UIInterfaceOrientationPortrait UIInterfaceOrientationLandscapeLeft UIInterfaceOrientationLandscapeRight";
				LD_RUNPATH_SEARCH_PATHS = (
					"$(inherited)",
					"@executable_path/Frameworks",
				);
				MARKETING_VERSION = 1.0;
				PRODUCT_BUNDLE_IDENTIFIER = Artur.SpringAnimateHW;
				PRODUCT_NAME = "$(TARGET_NAME)";
				SWIFT_EMIT_LOC_STRINGS = YES;
				SWIFT_VERSION = 5.0;
				TARGETED_DEVICE_FAMILY = "1,2";
			};
			name = Release;
		};
/* End XCBuildConfiguration section */

/* Begin XCConfigurationList section */
		750C2D532848DAD300E0C798 /* Build configuration list for PBXProject "SpringAnimateHW" */ = {
			isa = XCConfigurationList;
			buildConfigurations = (
				750C2D6A2848DAD500E0C798 /* Debug */,
				750C2D6B2848DAD500E0C798 /* Release */,
			);
			defaultConfigurationIsVisible = 0;
			defaultConfigurationName = Release;
		};
		750C2D6C2848DAD500E0C798 /* Build configuration list for PBXNativeTarget "SpringAnimateHW" */ = {
			isa = XCConfigurationList;
			buildConfigurations = (
				750C2D6D2848DAD500E0C798 /* Debug */,
				750C2D6E2848DAD500E0C798 /* Release */,
			);
			defaultConfigurationIsVisible = 0;
			defaultConfigurationName = Release;
		};
/* End XCConfigurationList section */
	};
	rootObject = 750C2D502848DAD300E0C798 /* Project object */;
}
